
Microsoft Visual Studio Solution File, Format Version 12.00
# Visual Studio 2013
VisualStudioVersion = 12.0.40629.0
MinimumVisualStudioVersion = 10.0.40219.1
Project("{8BC9CEB8-8B4A-11D0-8D11-00A0C91BC942}") = "ms_chrono_bug", "ms_chrono_bug.vcxproj", "{E2C6CBB8-7FC6-4762-A722-95F4B064023E}"
EndProject
Global
	GlobalSection(SolutionConfigurationPlatforms) = preSolution
		Debug|Win32 = Debug|Win32
		Release|Win32 = Release|Win32
	EndGlobalSection
	GlobalSection(ProjectConfigurationPlatforms) = postSolution
		{E2C6CBB8-7FC6-4762-A722-95F4B064023E}.Debug|Win32.ActiveCfg = Debug|Win32
		{E2C6CBB8-7FC6-4762-A722-95F4B064023E}.Debug|Win32.Build.0 = Debug|Win32
		{E2C6CBB8-7FC6-4762-A722-95F4B064023E}.Release|Win32.ActiveCfg = Release|Win32
		{E2C6CBB8-7FC6-4762-A722-95F4B064023E}.Release|Win32.Build.0 = Release|Win32
	EndGlobalSection
	GlobalSection(SolutionProperties) = preSolution
		HideSolutionNode = FALSE
	EndGlobalSection
EndGlobal
